
Microsoft Visual Studio Solution File, Format Version 12.00
# Visual Studio 15
VisualStudioVersion = 15.0.27130.2027
MinimumVisualStudioVersion = 10.0.40219.1
Project("{FAE04EC0-301F-11D3-BF4B-00C04F79EFBC}") = "WaterCons", "WaterCons\WaterCons.csproj", "{A6361AE3-7A25-45FB-90C2-E77E38E6919D}"
EndProject
Project("{FAE04EC0-301F-11D3-BF4B-00C04F79EFBC}") = "WaterCons.Library", "WaterCons.Library\WaterCons.Library.csproj", "{58F099D8-13CF-4426-8A0A-492E34692C03}"
EndProject
Global
	GlobalSection(SolutionConfigurationPlatforms) = preSolution
		Debug|Any CPU = Debug|Any CPU
		Release|Any CPU = Release|Any CPU
	EndGlobalSection
	GlobalSection(ProjectConfigurationPlatforms) = postSolution
		{A6361AE3-7A25-45FB-90C2-E77E38E6919D}.Debug|Any CPU.ActiveCfg = Debug|Any CPU
		{A6361AE3-7A25-45FB-90C2-E77E38E6919D}.Debug|Any CPU.Build.0 = Debug|Any CPU
		{A6361AE3-7A25-45FB-90C2-E77E38E6919D}.Release|Any CPU.ActiveCfg = Release|Any CPU
		{A6361AE3-7A25-45FB-90C2-E77E38E6919D}.Release|Any CPU.Build.0 = Release|Any CPU
		{58F099D8-13CF-4426-8A0A-492E34692C03}.Debug|Any CPU.ActiveCfg = Debug|Any CPU
		{58F099D8-13CF-4426-8A0A-492E34692C03}.Debug|Any CPU.Build.0 = Debug|Any CPU
		{58F099D8-13CF-4426-8A0A-492E34692C03}.Release|Any CPU.ActiveCfg = Release|Any CPU
		{58F099D8-13CF-4426-8A0A-492E34692C03}.Release|Any CPU.Build.0 = Release|Any CPU
	EndGlobalSection
	GlobalSection(SolutionProperties) = preSolution
		HideSolutionNode = FALSE
	EndGlobalSection
	GlobalSection(ExtensibilityGlobals) = postSolution
		SolutionGuid = {0A5BBE45-1E9E-4084-BF28-CFFCD04EBD26}
	EndGlobalSection
	GlobalSection(TeamFoundationVersionControl) = preSolution
		SccNumberOfProjects = 3
		SccEnterpriseProvider = {4CA58AB2-18FA-4F8D-95D4-32DDF27D184C}
		SccTeamFoundationServer = https://watercons.visualstudio.com/
		SccLocalPath0 = .
		SccProjectUniqueName1 = WaterCons\\WaterCons.csproj
		SccProjectName1 = WaterCons
		SccLocalPath1 = WaterCons
		SccProjectUniqueName2 = WaterCons.Library\\WaterCons.Library.csproj
		SccProjectName2 = WaterCons.Library
		SccLocalPath2 = WaterCons.Library
	EndGlobalSection
EndGlobal
